
Microsoft Visual Studio Solution File, Format Version 12.00
# Visual Studio 14
VisualStudioVersion = 14.0.25123.0
MinimumVisualStudioVersion = 10.0.40219.1
Project("{D954291E-2A0B-460D-934E-DC6B0785DB48}") = "Iris.NET", "Iris.NET\Iris.NET.shproj", "{FFB94446-C9B3-4A4B-9925-E6A9AE5018E7}"
EndProject
Project("{FAE04EC0-301F-11D3-BF4B-00C04F79EFBC}") = "Iris.NET.ConsoleApplicationTest", "Iris.NET.ConsoleApplicationTest\Iris.NET.ConsoleApplicationTest.csproj", "{0CBD69E3-EE95-4256-AF71-A46463198172}"
EndProject
Project("{FAE04EC0-301F-11D3-BF4B-00C04F79EFBC}") = "Iris.NET.Client", "Iris.NET.Client\Iris.NET.Client.csproj", "{F9C1A457-5A5F-4EEA-8076-AF6038F4C646}"
EndProject
Project("{FAE04EC0-301F-11D3-BF4B-00C04F79EFBC}") = "Iris.NET.Server", "Iris.NET.Server\Iris.NET.Server.csproj", "{856716E0-8895-410B-AEEC-88A27BDECD75}"
EndProject
Global
	GlobalSection(SharedMSBuildProjectFiles) = preSolution
		Iris.NET\Iris.NET.projitems*{856716e0-8895-410b-aeec-88a27bdecd75}*SharedItemsImports = 4
		Iris.NET\Iris.NET.projitems*{ffb94446-c9b3-4a4b-9925-e6a9ae5018e7}*SharedItemsImports = 13
		Iris.NET\Iris.NET.projitems*{f9c1a457-5a5f-4eea-8076-af6038f4c646}*SharedItemsImports = 4
		Iris.NET\Iris.NET.projitems*{0cbd69e3-ee95-4256-af71-a46463198172}*SharedItemsImports = 4
	EndGlobalSection
	GlobalSection(SolutionConfigurationPlatforms) = preSolution
		Debug|Any CPU = Debug|Any CPU
		Release|Any CPU = Release|Any CPU
	EndGlobalSection
	GlobalSection(ProjectConfigurationPlatforms) = postSolution
		{0CBD69E3-EE95-4256-AF71-A46463198172}.Debug|Any CPU.ActiveCfg = Debug|Any CPU
		{0CBD69E3-EE95-4256-AF71-A46463198172}.Debug|Any CPU.Build.0 = Debug|Any CPU
		{0CBD69E3-EE95-4256-AF71-A46463198172}.Release|Any CPU.ActiveCfg = Release|Any CPU
		{0CBD69E3-EE95-4256-AF71-A46463198172}.Release|Any CPU.Build.0 = Release|Any CPU
		{F9C1A457-5A5F-4EEA-8076-AF6038F4C646}.Debug|Any CPU.ActiveCfg = Debug|Any CPU
		{F9C1A457-5A5F-4EEA-8076-AF6038F4C646}.Debug|Any CPU.Build.0 = Debug|Any CPU
		{F9C1A457-5A5F-4EEA-8076-AF6038F4C646}.Release|Any CPU.ActiveCfg = Release|Any CPU
		{F9C1A457-5A5F-4EEA-8076-AF6038F4C646}.Release|Any CPU.Build.0 = Release|Any CPU
		{856716E0-8895-410B-AEEC-88A27BDECD75}.Debug|Any CPU.ActiveCfg = Debug|Any CPU
		{856716E0-8895-410B-AEEC-88A27BDECD75}.Debug|Any CPU.Build.0 = Debug|Any CPU
		{856716E0-8895-410B-AEEC-88A27BDECD75}.Release|Any CPU.ActiveCfg = Release|Any CPU
		{856716E0-8895-410B-AEEC-88A27BDECD75}.Release|Any CPU.Build.0 = Release|Any CPU
	EndGlobalSection
	GlobalSection(SolutionProperties) = preSolution
		HideSolutionNode = FALSE
	EndGlobalSection
EndGlobal
